
Microsoft Visual Studio Solution File, Format Version 12.00
# Visual Studio 15
VisualStudioVersion = 15.0.28010.2026
MinimumVisualStudioVersion = 10.0.40219.1
Project("{FAE04EC0-301F-11D3-BF4B-00C04F79EFBC}") = "BOT-SpotSensors (SOAP)", "BOT-SpotSensors (SOAP)\BOT-SpotSensors (SOAP).csproj", "{14FF4EEF-7569-4261-BF3B-ED0E5F8C884F}"
EndProject
Project("{FAE04EC0-301F-11D3-BF4B-00C04F79EFBC}") = "ParkDace", "ParkDace\ParkDace.csproj", "{967B22BB-0F6B-4EED-8023-2776A711B91D}"
	ProjectSection(ProjectDependencies) = postProject
		{14FF4EEF-7569-4261-BF3B-ED0E5F8C884F} = {14FF4EEF-7569-4261-BF3B-ED0E5F8C884F}
	EndProjectSection
EndProject
Project("{FAE04EC0-301F-11D3-BF4B-00C04F79EFBC}") = "SmartPark", "SmartPark\SmartPark.csproj", "{FF571A02-2EF9-4503-92C0-5A81324778EC}"
EndProject
Global
	GlobalSection(SolutionConfigurationPlatforms) = preSolution
		Debug|Any CPU = Debug|Any CPU
		Release|Any CPU = Release|Any CPU
	EndGlobalSection
	GlobalSection(ProjectConfigurationPlatforms) = postSolution
		{14FF4EEF-7569-4261-BF3B-ED0E5F8C884F}.Debug|Any CPU.ActiveCfg = Debug|Any CPU
		{14FF4EEF-7569-4261-BF3B-ED0E5F8C884F}.Debug|Any CPU.Build.0 = Debug|Any CPU
		{14FF4EEF-7569-4261-BF3B-ED0E5F8C884F}.Release|Any CPU.ActiveCfg = Release|Any CPU
		{14FF4EEF-7569-4261-BF3B-ED0E5F8C884F}.Release|Any CPU.Build.0 = Release|Any CPU
		{967B22BB-0F6B-4EED-8023-2776A711B91D}.Debug|Any CPU.ActiveCfg = Debug|Any CPU
		{967B22BB-0F6B-4EED-8023-2776A711B91D}.Debug|Any CPU.Build.0 = Debug|Any CPU
		{967B22BB-0F6B-4EED-8023-2776A711B91D}.Release|Any CPU.ActiveCfg = Release|Any CPU
		{967B22BB-0F6B-4EED-8023-2776A711B91D}.Release|Any CPU.Build.0 = Release|Any CPU
		{FF571A02-2EF9-4503-92C0-5A81324778EC}.Debug|Any CPU.ActiveCfg = Debug|Any CPU
		{FF571A02-2EF9-4503-92C0-5A81324778EC}.Debug|Any CPU.Build.0 = Debug|Any CPU
		{FF571A02-2EF9-4503-92C0-5A81324778EC}.Release|Any CPU.ActiveCfg = Release|Any CPU
		{FF571A02-2EF9-4503-92C0-5A81324778EC}.Release|Any CPU.Build.0 = Release|Any CPU
	EndGlobalSection
	GlobalSection(SolutionProperties) = preSolution
		HideSolutionNode = FALSE
	EndGlobalSection
	GlobalSection(ExtensibilityGlobals) = postSolution
		SolutionGuid = {105B2E6B-E913-4B59-9771-4665A9609B7F}
	EndGlobalSection
EndGlobal
